{
  "requires": true,
  "lockfileVersion": 1,
  "dependencies": {
    "jquery": {
      "version": "3.3.1",
      "resolved": "https://registry.npmjs.org/jquery/-/jquery-3.3.1.tgz",
      "integrity": "sha512-Ubldcmxp5np52/ENotGxlLe6aGMvmF4R8S6tZjsP6Knsaxd/xp3Zrh50cG93lR6nPXyUFwzN3ZSOQI0wRJNdGg=="
    },
    "jquery-jeditable": {
      "version": "2.0.2",
      "resolved": "https://registry.npmjs.org/jquery-jeditable/-/jquery-jeditable-2.0.2.tgz",
      "integrity": "sha512-Ibygx05nRKMheHC6D9gEnwb81W0Hgu/d61HM1Uu35S+Mvmg6avN+En1bw+Uz/Ku2DOyDohlC67di2AWyNvAalQ==",
      "requires": {
        "jquery": "3.3.1"
      }
    }
  }
}
